
Microsoft Visual Studio Solution File, Format Version 12.00
# Visual Studio Version 16
VisualStudioVersion = 25.0.1704.5
MinimumVisualStudioVersion = 10.0.40219.1
Project("{FAE04EC0-301F-11D3-BF4B-00C04F79EFBC}") = "SymphonyScramble", "SymphonyScramble.csproj", "{DC1A6B89-B27D-44CC-8EBC-D35A4D20E9E7}"
EndProject
Global
	GlobalSection(SolutionConfigurationPlatforms) = preSolution
		Debug|Any CPU = Debug|Any CPU
		Release|Any CPU = Release|Any CPU
	EndGlobalSection
	GlobalSection(ProjectConfigurationPlatforms) = postSolution
		{DC1A6B89-B27D-44CC-8EBC-D35A4D20E9E7}.Debug|Any CPU.ActiveCfg = Debug|Any CPU
		{DC1A6B89-B27D-44CC-8EBC-D35A4D20E9E7}.Debug|Any CPU.Build.0 = Debug|Any CPU
		{DC1A6B89-B27D-44CC-8EBC-D35A4D20E9E7}.Release|Any CPU.ActiveCfg = Release|Any CPU
		{DC1A6B89-B27D-44CC-8EBC-D35A4D20E9E7}.Release|Any CPU.Build.0 = Release|Any CPU
	EndGlobalSection
	GlobalSection(SolutionProperties) = preSolution
		HideSolutionNode = FALSE
	EndGlobalSection
	GlobalSection(ExtensibilityGlobals) = postSolution
		SolutionGuid = {940C4245-2802-4BFA-AE6C-A579774BE2DD}
	EndGlobalSection
EndGlobal
